{
  "name": "zelda_action_test",
  "version": "1.0.0",
  "lockfileVersion": 2,
  "requires": true,
  "packages": {
    "": {
      "name": "zelda_action_test",
      "version": "1.0.0",
      "license": "ISC",
      "dependencies": {
        "lodash": "^4.17.20",
        "typescript": "^4.1.3"
      },
      "devDependencies": {
        "@types/aws-lambda": "^8.10.71",
        "@types/lodash": "^4.14.168",
        "@types/node": "^14.14.22",
        "@vercel/ncc": "^0.27.0"
      }
    },
    "node_modules/@types/aws-lambda": {
      "version": "8.10.114",
      "resolved": "https://registry.npmjs.org/@types/aws-lambda/-/aws-lambda-8.10.114.tgz",
      "integrity": "sha512-M8WpEGfC9iQ6V2Ccq6nGIXoQgeVc6z0Ngk8yCOL5V/TYIxshvb0MWQYLFFTZDesL0zmsoBc4OBjG9DB/4rei6w==",
      "dev": true
    },
    "node_modules/@types/lodash": {
      "version": "4.14.194",
      "resolved": "https://registry.npmjs.org/@types/lodash/-/lodash-4.14.194.tgz",
      "integrity": "sha512-r22s9tAS7imvBt2lyHC9B8AGwWnXaYb1tY09oyLkXDs4vArpYJzw09nj8MLx5VfciBPGIb+ZwG0ssYnEPJxn/g==",
      "dev": true
    },
    "node_modules/@types/node": {
      "version": "14.18.42",
      "resolved": "https://registry.npmjs.org/@types/node/-/node-14.18.42.tgz",
      "integrity": "sha512-xefu+RBie4xWlK8hwAzGh3npDz/4VhF6icY/shU+zv/1fNn+ZVG7T7CRwe9LId9sAYRPxI+59QBPuKL3WpyGRg==",
      "dev": true
    },
    "node_modules/@vercel/ncc": {
      "version": "0.27.0",
      "resolved": "https://registry.npmjs.org/@vercel/ncc/-/ncc-0.27.0.tgz",
      "integrity": "sha512-DllIJQapnU2YwewIhh/4dYesmMQw3h2cFtabECc/zSJHqUbNa0eJuEkRa6DXbZvh1YPWBtYQoPV17NlDpBw1Vw==",
      "dev": true,
      "bin": {
        "ncc": "dist/ncc/cli.js"
      }
    },
    "node_modules/lodash": {
      "version": "4.17.21",
      "resolved": "https://registry.npmjs.org/lodash/-/lodash-4.17.21.tgz",
      "integrity": "sha512-v2kDEe57lecTulaDIuNTPy3Ry4gLGJ6Z1O3vE1krgXZNrsQ+LFTGHVxVjcXPs17LhbZVGedAJv8XZ1tvj5FvSg=="
    },
    "node_modules/typescript": {
      "version": "4.9.5",
      "resolved": "https://registry.npmjs.org/typescript/-/typescript-4.9.5.tgz",
      "integrity": "sha512-1FXk9E2Hm+QzZQ7z+McJiHL4NW1F2EzMu9Nq9i3zAaGqibafqYwCVU6WyWAuyQRRzOlxou8xZSyXLEN8oKj24g==",
      "bin": {
        "tsc": "bin/tsc",
        "tsserver": "bin/tsserver"
      },
      "engines": {
        "node": ">=4.2.0"
      }
    }
  },
  "dependencies": {
    "@types/aws-lambda": {
      "version": "8.10.114",
      "resolved": "https://registry.npmjs.org/@types/aws-lambda/-/aws-lambda-8.10.114.tgz",
      "integrity": "sha512-M8WpEGfC9iQ6V2Ccq6nGIXoQgeVc6z0Ngk8yCOL5V/TYIxshvb0MWQYLFFTZDesL0zmsoBc4OBjG9DB/4rei6w==",
      "dev": true
    },
    "@types/lodash": {
      "version": "4.14.194",
      "resolved": "https://registry.npmjs.org/@types/lodash/-/lodash-4.14.194.tgz",
      "integrity": "sha512-r22s9tAS7imvBt2lyHC9B8AGwWnXaYb1tY09oyLkXDs4vArpYJzw09nj8MLx5VfciBPGIb+ZwG0ssYnEPJxn/g==",
      "dev": true
    },
    "@types/node": {
      "version": "14.18.42",
      "resolved": "https://registry.npmjs.org/@types/node/-/node-14.18.42.tgz",
      "integrity": "sha512-xefu+RBie4xWlK8hwAzGh3npDz/4VhF6icY/shU+zv/1fNn+ZVG7T7CRwe9LId9sAYRPxI+59QBPuKL3WpyGRg==",
      "dev": true
    },
    "@vercel/ncc": {
      "version": "0.27.0",
      "resolved": "https://registry.npmjs.org/@vercel/ncc/-/ncc-0.27.0.tgz",
      "integrity": "sha512-DllIJQapnU2YwewIhh/4dYesmMQw3h2cFtabECc/zSJHqUbNa0eJuEkRa6DXbZvh1YPWBtYQoPV17NlDpBw1Vw==",
      "dev": true
    },
    "lodash": {
      "version": "4.17.21",
      "resolved": "https://registry.npmjs.org/lodash/-/lodash-4.17.21.tgz",
      "integrity": "sha512-v2kDEe57lecTulaDIuNTPy3Ry4gLGJ6Z1O3vE1krgXZNrsQ+LFTGHVxVjcXPs17LhbZVGedAJv8XZ1tvj5FvSg=="
    },
    "typescript": {
      "version": "4.9.5",
      "resolved": "https://registry.npmjs.org/typescript/-/typescript-4.9.5.tgz",
      "integrity": "sha512-1FXk9E2Hm+QzZQ7z+McJiHL4NW1F2EzMu9Nq9i3zAaGqibafqYwCVU6WyWAuyQRRzOlxou8xZSyXLEN8oKj24g=="
    }
  }
}
